
Microsoft Visual Studio Solution File, Format Version 12.00
# Visual Studio Version 17
VisualStudioVersion = 17.9.34728.123
MinimumVisualStudioVersion = 10.0.40219.1
Project("{FAE04EC0-301F-11D3-BF4B-00C04F79EFBC}") = "RapidPay", "RapidPay\RapidPay.csproj", "{30DA24B2-D3F4-4DC1-8DAE-96F4DE2D0503}"
EndProject
Global
	GlobalSection(SolutionConfigurationPlatforms) = preSolution
		Debug|Any CPU = Debug|Any CPU
		Release|Any CPU = Release|Any CPU
	EndGlobalSection
	GlobalSection(ProjectConfigurationPlatforms) = postSolution
		{30DA24B2-D3F4-4DC1-8DAE-96F4DE2D0503}.Debug|Any CPU.ActiveCfg = Debug|Any CPU
		{30DA24B2-D3F4-4DC1-8DAE-96F4DE2D0503}.Debug|Any CPU.Build.0 = Debug|Any CPU
		{30DA24B2-D3F4-4DC1-8DAE-96F4DE2D0503}.Release|Any CPU.ActiveCfg = Release|Any CPU
		{30DA24B2-D3F4-4DC1-8DAE-96F4DE2D0503}.Release|Any CPU.Build.0 = Release|Any CPU
	EndGlobalSection
	GlobalSection(SolutionProperties) = preSolution
		HideSolutionNode = FALSE
	EndGlobalSection
	GlobalSection(ExtensibilityGlobals) = postSolution
		SolutionGuid = {FBF49026-7D64-4F2C-A804-96A584DE0476}
	EndGlobalSection
EndGlobal
